
Microsoft Visual Studio Solution File, Format Version 12.00
# Visual Studio Version 17
VisualStudioVersion = 17.9.34616.47
MinimumVisualStudioVersion = 10.0.40219.1
Project("{9A19103F-16F7-4668-BE54-9A1E7A4F7556}") = "MVC_FinalProje.Domain", "MVC_FinalProje.Domain\MVC_FinalProje.Domain.csproj", "{1BD97F82-DAEC-43AE-94BD-DF8723487ED7}"
EndProject
Project("{9A19103F-16F7-4668-BE54-9A1E7A4F7556}") = "MVCFinalProje.Infrastrucre", "MVCFinalProje.Infrastucre\MVCFinalProje.Infrastrucre.csproj", "{173A04A2-67BC-4B83-ABC4-AD90CAB998A5}"
EndProject
Project("{9A19103F-16F7-4668-BE54-9A1E7A4F7556}") = "MVC_Proje.UI", "MVC_Proje.UI\MVC_Proje.UI.csproj", "{01E52BDD-1A1D-4A67-9800-76E1AB08BE02}"
EndProject
Project("{9A19103F-16F7-4668-BE54-9A1E7A4F7556}") = "MVCFinalProjeBusiness", "MVCFinalProjeBusiness\MVCFinalProjeBusiness.csproj", "{15031E4C-F830-4B88-AFD3-A4F2CE6FBDF4}"
EndProject
Global
	GlobalSection(SolutionConfigurationPlatforms) = preSolution
		Debug|Any CPU = Debug|Any CPU
		Release|Any CPU = Release|Any CPU
	EndGlobalSection
	GlobalSection(ProjectConfigurationPlatforms) = postSolution
		{1BD97F82-DAEC-43AE-94BD-DF8723487ED7}.Debug|Any CPU.ActiveCfg = Debug|Any CPU
		{1BD97F82-DAEC-43AE-94BD-DF8723487ED7}.Debug|Any CPU.Build.0 = Debug|Any CPU
		{1BD97F82-DAEC-43AE-94BD-DF8723487ED7}.Release|Any CPU.ActiveCfg = Release|Any CPU
		{1BD97F82-DAEC-43AE-94BD-DF8723487ED7}.Release|Any CPU.Build.0 = Release|Any CPU
		{173A04A2-67BC-4B83-ABC4-AD90CAB998A5}.Debug|Any CPU.ActiveCfg = Debug|Any CPU
		{173A04A2-67BC-4B83-ABC4-AD90CAB998A5}.Debug|Any CPU.Build.0 = Debug|Any CPU
		{173A04A2-67BC-4B83-ABC4-AD90CAB998A5}.Release|Any CPU.ActiveCfg = Release|Any CPU
		{173A04A2-67BC-4B83-ABC4-AD90CAB998A5}.Release|Any CPU.Build.0 = Release|Any CPU
		{01E52BDD-1A1D-4A67-9800-76E1AB08BE02}.Debug|Any CPU.ActiveCfg = Debug|Any CPU
		{01E52BDD-1A1D-4A67-9800-76E1AB08BE02}.Debug|Any CPU.Build.0 = Debug|Any CPU
		{01E52BDD-1A1D-4A67-9800-76E1AB08BE02}.Release|Any CPU.ActiveCfg = Release|Any CPU
		{01E52BDD-1A1D-4A67-9800-76E1AB08BE02}.Release|Any CPU.Build.0 = Release|Any CPU
		{15031E4C-F830-4B88-AFD3-A4F2CE6FBDF4}.Debug|Any CPU.ActiveCfg = Debug|Any CPU
		{15031E4C-F830-4B88-AFD3-A4F2CE6FBDF4}.Debug|Any CPU.Build.0 = Debug|Any CPU
		{15031E4C-F830-4B88-AFD3-A4F2CE6FBDF4}.Release|Any CPU.ActiveCfg = Release|Any CPU
		{15031E4C-F830-4B88-AFD3-A4F2CE6FBDF4}.Release|Any CPU.Build.0 = Release|Any CPU
	EndGlobalSection
	GlobalSection(SolutionProperties) = preSolution
		HideSolutionNode = FALSE
	EndGlobalSection
	GlobalSection(ExtensibilityGlobals) = postSolution
		SolutionGuid = {EEE06EB0-0FC2-4421-9BDB-88FD14E88755}
	EndGlobalSection
EndGlobal
